// !$*UTF8*$!
{
	archiveVersion = 1;
	classes = {
	};
	objectVersion = 46;
	objects = {

/* Begin PBXBuildFile section */
		CDD6C1881D8746E700344413 /* AppDelegate.swift in Sources */ = {isa = PBXBuildFile; fileRef = CDD6C1871D8746E700344413 /* AppDelegate.swift */; };
		CDD6C18A1D8746E700344413 /* ViewController.swift in Sources */ = {isa = PBXBuildFile; fileRef = CDD6C1891D8746E700344413 /* ViewController.swift */; };
		CDD6C18D1D8746E700344413 /* Main.storyboard in Resources */ = {isa = PBXBuildFile; fileRef = CDD6C18B1D8746E700344413 /* Main.storyboard */; };
		CDD6C18F1D8746E700344413 /* Assets.xcassets in Resources */ = {isa = PBXBuildFile; fileRef = CDD6C18E1D8746E700344413 /* Assets.xcassets */; };
		CDD6C1921D8746E700344413 /* LaunchScreen.storyboard in Resources */ = {isa = PBXBuildFile; fileRef = CDD6C1901D8746E700344413 /* LaunchScreen.storyboard */; };
/* End PBXBuildFile section */

/* Begin PBXFileReference section */
		CDD6C1841D8746E700344413 /* emoji.app */ = {isa = PBXFileReference; explicitFileType = wrapper.application; includeInIndex = 0; path = emoji.app; sourceTree = BUILT_PRODUCTS_DIR; };
		CDD6C1871D8746E700344413 /* AppDelegate.swift */ = {isa = PBXFileReference; lastKnownFileType = sourcecode.swift; path = AppDelegate.swift; sourceTree = "<group>"; };
		CDD6C1891D8746E700344413 /* ViewController.swift */ = {isa = PBXFileReference; lastKnownFileType = sourcecode.swift; path = ViewController.swift; sourceTree = "<group>"; };
		CDD6C18C1D8746E700344413 /* Base */ = {isa = PBXFileReference; lastKnownFileType = file.storyboard; name = Base; path = Base.lproj/Main.storyboard; sourceTree = "<group>"; };
		CDD6C18E1D8746E700344413 /* Assets.xcassets */ = {isa = PBXFileReference; lastKnownFileType = folder.assetcatalog; path = Assets.xcassets; sourceTree = "<group>"; };
		CDD6C1911D8746E700344413 /* Base */ = {isa = PBXFileReference; lastKnownFileType = file.storyboard; name = Base; path = Base.lproj/LaunchScreen.storyboard; sourceTree = "<group>"; };
		CDD6C1931D8746E700344413 /* Info.plist */ = {isa = PBXFileReference; lastKnownFileType = text.plist.xml; path = Info.plist; sourceTree = "<group>"; };
/* End PBXFileReference section */

/* Begin PBXFrameworksBuildPhase section */
		CDD6C1811D8746E600344413 /* Frameworks */ = {
			isa = PBXFrameworksBuildPhase;
			buildActionMask = 2147483647;
			files = (
			);
			runOnlyForDeploymentPostprocessing = 0;
		};
/* End PBXFrameworksBuildPhase section */

/* Begin PBXGroup section */
		CDD6C17B1D8746E600344413 = {
			isa = PBXGroup;
			children = (
				CDD6C1861D8746E700344413 /* emoji */,
				CDD6C1851D8746E700344413 /* Products */,
			);
			sourceTree = "<group>";
		};
		CDD6C1851D8746E700344413 /* Products */ = {
			isa = PBXGroup;
			children = (
				CDD6C1841D8746E700344413 /* emoji.app */,
			);
			name = Products;
			sourceTree = "<group>";
		};
		CDD6C1861D8746E700344413 /* emoji */ = {
			isa = PBXGroup;
			children = (
				CDD6C1871D8746E700344413 /* AppDelegate.swift */,
				CDD6C1891D8746E700344413 /* ViewController.swift */,
				CDD6C18B1D8746E700344413 /* Main.storyboard */,
				CDD6C18E1D8746E700344413 /* Assets.xcassets */,
				CDD6C1901D8746E700344413 /* LaunchScreen.storyboard */,
				CDD6C1931D8746E700344413 /* Info.plist */,
			);
			path = emoji;
			sourceTree = "<group>";
		};
/* End PBXGroup section */

/* Begin PBXNativeTarget section */
		CDD6C1831D8746E600344413 /* emoji */ = {
			isa = PBXNativeTarget;
			buildConfigurationList = CDD6C1961D8746E700344413 /* Build configuration list for PBXNativeTarget "emoji" */;
			buildPhases = (
				CDD6C1801D8746E600344413 /* Sources */,
				CDD6C1811D8746E600344413 /* Frameworks */,
				CDD6C1821D8746E600344413 /* Resources */,
			);
			buildRules = (
			);
			dependencies = (
			);
			name = emoji;
			productName = emoji;
			productReference = CDD6C1841D8746E700344413 /* emoji.app */;
			productType = "com.apple.product-type.application";
		};
/* End PBXNativeTarget section */

/* Begin PBXProject section */
		CDD6C17C1D8746E600344413 /* Project object */ = {
			isa = PBXProject;
			attributes = {
				LastSwiftUpdateCheck = 0800;
				LastUpgradeCheck = 0800;
				ORGANIZATIONNAME = "Arc Towers";
				TargetAttributes = {
					CDD6C1831D8746E600344413 = {
						CreatedOnToolsVersion = 8.0;
						DevelopmentTeam = 4LS348MSJV;
						ProvisioningStyle = Automatic;
					};
				};
			};
			buildConfigurationList = CDD6C17F1D8746E600344413 /* Build configuration list for PBXProject "emoji" */;
			compatibilityVersion = "Xcode 3.2";
			developmentRegion = English;
			hasScannedForEncodings = 0;
			knownRegions = (
				en,
				Base,
			);
			mainGroup = CDD6C17B1D8746E600344413;
			productRefGroup = CDD6C1851D8746E700344413 /* Products */;
			projectDirPath = "";
			projectRoot = "";
			targets = (
				CDD6C1831D8746E600344413 /* emoji */,
			);
		};
/* End PBXProject section */

/* Begin PBXResourcesBuildPhase section */
		CDD6C1821D8746E600344413 /* Resources */ = {
			isa = PBXResourcesBuildPhase;
			buildActionMask = 2147483647;
			files = (
				CDD6C1921D8746E700344413 /* LaunchScreen.storyboard in Resources */,
				CDD6C18F1D8746E700344413 /* Assets.xcassets in Resources */,
				CDD6C18D1D8746E700344413 /* Main.storyboard in Resources */,
			);
			runOnlyForDeploymentPostprocessing = 0;
		};
/* End PBXResourcesBuildPhase section */

/* Begin PBXSourcesBuildPhase section */
		CDD6C1801D8746E600344413 /* Sources */ = {
			isa = PBXSourcesBuildPhase;
			buildActionMask = 2147483647;
			files = (
				CDD6C18A1D8746E700344413 /* ViewController.swift in Sources */,
				CDD6C1881D8746E700344413 /* AppDelegate.swift in Sources */,
			);
			runOnlyForDeploymentPostprocessing = 0;
		};
/* End PBXSourcesBuildPhase section */

/* Begin PBXVariantGroup section */
		CDD6C18B1D8746E700344413 /* Main.storyboard */ = {
			isa = PBXVariantGroup;
			children = (
				CDD6C18C1D8746E700344413 /* Base */,
			);
			name = Main.storyboard;
			sourceTree = "<group>";
		};
		CDD6C1901D8746E700344413 /* LaunchScreen.storyboard */ = {
			isa = PBXVariantGroup;
			children = (
				CDD6C1911D8746E700344413 /* Base */,
			);
			name = LaunchScreen.storyboard;
			sourceTree = "<group>";
		};
/* End PBXVariantGroup section */

/* Begin XCBuildConfiguration section */
		CDD6C1941D8746E700344413 /* Debug */ = {
			isa = XCBuildConfiguration;
			buildSettings = {
				ALWAYS_SEARCH_USER_PATHS = NO;
				CLANG_ANALYZER_NONNULL = YES;
				CLANG_CXX_LANGUAGE_STANDARD = "gnu++0x";
				CLANG_CXX_LIBRARY = "libc++";
				CLANG_ENABLE_MODULES = YES;
				CLANG_ENABLE_OBJC_ARC = YES;
				CLANG_WARN_BOOL_CONVERSION = YES;
				CLANG_WARN_CONSTANT_CONVERSION = YES;
				CLANG_WARN_DIRECT_OBJC_ISA_USAGE = YES_ERROR;
				CLANG_WARN_DOCUMENTATION_COMMENTS = YES;
				CLANG_WARN_EMPTY_BODY = YES;
				CLANG_WARN_ENUM_CONVERSION = YES;
				CLANG_WARN_INFINITE_RECURSION = YES;
				CLANG_WARN_INT_CONVERSION = YES;
				CLANG_WARN_OBJC_ROOT_CLASS = YES_ERROR;
				CLANG_WARN_SUSPICIOUS_MOVES = YES;
				CLANG_WARN_UNREACHABLE_CODE = YES;
				CLANG_WARN__DUPLICATE_METHOD_MATCH = YES;
				"CODE_SIGN_IDENTITY[sdk=iphoneos*]" = "iPhone Developer";
				COPY_PHASE_STRIP = NO;
				DEBUG_INFORMATION_FORMAT = dwarf;
				ENABLE_STRICT_OBJC_MSGSEND = YES;
				ENABLE_TESTABILITY = YES;
				GCC_C_LANGUAGE_STANDARD = gnu99;
				GCC_DYNAMIC_NO_PIC = NO;
				GCC_NO_COMMON_BLOCKS = YES;
				GCC_OPTIMIZATION_LEVEL = 0;
				GCC_PREPROCESSOR_DEFINITIONS = (
					"DEBUG=1",
					"$(inherited)",
				);
				GCC_WARN_64_TO_32_BIT_CONVERSION = YES;
				GCC_WARN_ABOUT_RETURN_TYPE = YES_ERROR;
				GCC_WARN_UNDECLARED_SELECTOR = YES;
				GCC_WARN_UNINITIALIZED_AUTOS = YES_AGGRESSIVE;
				GCC_WARN_UNUSED_FUNCTION = YES;
				GCC_WARN_UNUSED_VARIABLE = YES;
				IPHONEOS_DEPLOYMENT_TARGET = 10.0;
				MTL_ENABLE_DEBUG_INFO = YES;
				ONLY_ACTIVE_ARCH = YES;
				SDKROOT = iphoneos;
				SWIFT_ACTIVE_COMPILATION_CONDITIONS = DEBUG;
				SWIFT_OPTIMIZATION_LEVEL = "-Onone";
			};
			name = Debug;
		};
		CDD6C1951D8746E700344413 /* Release */ = {
			isa = XCBuildConfiguration;
			buildSettings = {
				ALWAYS_SEARCH_USER_PATHS = NO;
				CLANG_ANALYZER_NONNULL = YES;
				CLANG_CXX_LANGUAGE_STANDARD = "gnu++0x";
				CLANG_CXX_LIBRARY = "libc++";
				CLANG_ENABLE_MODULES = YES;
				CLANG_ENABLE_OBJC_ARC = YES;
				CLANG_WARN_BOOL_CONVERSION = YES;
				CLANG_WARN_CONSTANT_CONVERSION = YES;
				CLANG_WARN_DIRECT_OBJC_ISA_USAGE = YES_ERROR;
				CLANG_WARN_DOCUMENTATION_COMMENTS = YES;
				CLANG_WARN_EMPTY_BODY = YES;
				CLANG_WARN_ENUM_CONVERSION = YES;
				CLANG_WARN_INFINITE_RECURSION = YES;
				CLANG_WARN_INT_CONVERSION = YES;
				CLANG_WARN_OBJC_ROOT_CLASS = YES_ERROR;
				CLANG_WARN_SUSPICIOUS_MOVES = YES;
				CLANG_WARN_UNREACHABLE_CODE = YES;
				CLANG_WARN__DUPLICATE_METHOD_MATCH = YES;
				"CODE_SIGN_IDENTITY[sdk=iphoneos*]" = "iPhone Developer";
				COPY_PHASE_STRIP = NO;
				DEBUG_INFORMATION_FORMAT = "dwarf-with-dsym";
				ENABLE_NS_ASSERTIONS = NO;
				ENABLE_STRICT_OBJC_MSGSEND = YES;
				GCC_C_LANGUAGE_STANDARD = gnu99;
				GCC_NO_COMMON_BLOCKS = YES;
				GCC_WARN_64_TO_32_BIT_CONVERSION = YES;
				GCC_WARN_ABOUT_RETURN_TYPE = YES_ERROR;
				GCC_WARN_UNDECLARED_SELECTOR = YES;
				GCC_WARN_UNINITIALIZED_AUTOS = YES_AGGRESSIVE;
				GCC_WARN_UNUSED_FUNCTION = YES;
				GCC_WARN_UNUSED_VARIABLE = YES;
				IPHONEOS_DEPLOYMENT_TARGET = 10.0;
				MTL_ENABLE_DEBUG_INFO = NO;
				SDKROOT = iphoneos;
				SWIFT_OPTIMIZATION_LEVEL = "-Owholemodule";
				VALIDATE_PRODUCT = YES;
			};
			name = Release;
		};
		CDD6C1971D8746E700344413 /* Debug */ = {
			isa = XCBuildConfiguration;
			buildSettings = {
				ASSETCATALOG_COMPILER_APPICON_NAME = AppIcon;
				DEVELOPMENT_TEAM = 4LS348MSJV;
				INFOPLIST_FILE = emoji/Info.plist;
				LD_RUNPATH_SEARCH_PATHS = "$(inherited) @executable_path/Frameworks";
				PRODUCT_BUNDLE_IDENTIFIER = com.ArkSoftware.emoji;
				PRODUCT_NAME = "$(TARGET_NAME)";
				SWIFT_VERSION = 3.0;
			};
			name = Debug;
		};
		CDD6C1981D8746E700344413 /* Release */ = {
			isa = XCBuildConfiguration;
			buildSettings = {
				ASSETCATALOG_COMPILER_APPICON_NAME = AppIcon;
				DEVELOPMENT_TEAM = 4LS348MSJV;
				INFOPLIST_FILE = emoji/Info.plist;
				LD_RUNPATH_SEARCH_PATHS = "$(inherited) @executable_path/Frameworks";
				PRODUCT_BUNDLE_IDENTIFIER = com.ArkSoftware.emoji;
				PRODUCT_NAME = "$(TARGET_NAME)";
				SWIFT_VERSION = 3.0;
			};
			name = Release;
		};
/* End XCBuildConfiguration section */

/* Begin XCConfigurationList section */
		CDD6C17F1D8746E600344413 /* Build configuration list for PBXProject "emoji" */ = {
			isa = XCConfigurationList;
			buildConfigurations = (
				CDD6C1941D8746E700344413 /* Debug */,
				CDD6C1951D8746E700344413 /* Release */,
			);
			defaultConfigurationIsVisible = 0;
			defaultConfigurationName = Release;
		};
		CDD6C1961D8746E700344413 /* Build configuration list for PBXNativeTarget "emoji" */ = {
			isa = XCConfigurationList;
			buildConfigurations = (
				CDD6C1971D8746E700344413 /* Debug */,
				CDD6C1981D8746E700344413 /* Release */,
			);
			defaultConfigurationIsVisible = 0;
		};
/* End XCConfigurationList section */
	};
	rootObject = CDD6C17C1D8746E600344413 /* Project object */;
}
